# THIS IS AN AUTOGENERATED FILE. DO NOT EDIT THIS FILE DIRECTLY.
# yarn lockfile v1


"@lezer/common@^0.15.7":

"@lezer/lr@^0.15.4":

"@mischnic/json-sourcemap@^0.1.0":
  version "0.1.0"
  dependencies:
    "@lezer/common" "^0.15.7"
    "@lezer/lr" "^0.15.4"
    json5 "^2.2.1"

"@msgpackr-extract/msgpackr-extract-darwin-arm64@3.0.2":

"@msgpackr-extract/msgpackr-extract-darwin-x64@3.0.2":

"@msgpackr-extract/msgpackr-extract-linux-arm@3.0.2":

"@msgpackr-extract/msgpackr-extract-linux-arm64@3.0.2":

"@msgpackr-extract/msgpackr-extract-linux-x64@3.0.2":

"@msgpackr-extract/msgpackr-extract-win32-x64@3.0.2":
  version "3.0.2"

"@parcel/bundler-default@2.9.3":

"@parcel/cache@2.9.3":
  version "2.9.3"
  dependencies:
    "@parcel/fs" "2.9.3"
    "@parcel/logger" "2.9.3"
    "@parcel/utils" "2.9.3"
    lmdb "2.7.11"

"@parcel/codeframe@2.9.3":
  version "2.9.3"
  dependencies:
    chalk "^4.1.0"

"@parcel/compressor-raw@2.9.3":

"@parcel/config-default@2.9.3":
  version "2.9.3"
  dependencies:
    "@parcel/bundler-default" "2.9.3"
    "@parcel/compressor-raw" "2.9.3"
    "@parcel/namer-default" "2.9.3"
    "@parcel/optimizer-css" "2.9.3"
    "@parcel/optimizer-htmlnano" "2.9.3"
    "@parcel/optimizer-image" "2.9.3"
    "@parcel/optimizer-svgo" "2.9.3"
    "@parcel/optimizer-swc" "2.9.3"
    "@parcel/packager-css" "2.9.3"
    "@parcel/packager-html" "2.9.3"
    "@parcel/packager-js" "2.9.3"
    "@parcel/packager-raw" "2.9.3"
    "@parcel/packager-svg" "2.9.3"
    "@parcel/reporter-dev-server" "2.9.3"
    "@parcel/resolver-default" "2.9.3"
    "@parcel/runtime-browser-hmr" "2.9.3"
    "@parcel/runtime-js" "2.9.3"
    "@parcel/runtime-react-refresh" "2.9.3"
    "@parcel/runtime-service-worker" "2.9.3"
    "@parcel/transformer-babel" "2.9.3"
    "@parcel/transformer-css" "2.9.3"
    "@parcel/transformer-html" "2.9.3"
    "@parcel/transformer-image" "2.9.3"
    "@parcel/transformer-js" "2.9.3"
    "@parcel/transformer-json" "2.9.3"
    "@parcel/transformer-postcss" "2.9.3"
    "@parcel/transformer-posthtml" "2.9.3"
    "@parcel/transformer-raw" "2.9.3"
    "@parcel/transformer-react-refresh-wrap" "2.9.3"
    "@parcel/transformer-svg" "2.9.3"

"@parcel/core@^2.9.3", "@parcel/core@2.9.3":
  version "2.9.3"
  resolved "https://registry.npmjs.org/@parcel/core/-/core-2.9.3.tgz"
  integrity sha512-4KlM1Zr/jpsqWuMXr2zmGsaOUs1zMMFh9vfCNKRZkptf+uk8I3sugHbNdo+F5B+4e2yMuOEb1zgAmvJLeuH6ww==
  dependencies:
    "@mischnic/json-sourcemap" "^0.1.0"
    "@parcel/cache" "2.9.3"
    "@parcel/diagnostic" "2.9.3"
    "@parcel/events" "2.9.3"
    "@parcel/fs" "2.9.3"
    "@parcel/graph" "2.9.3"
    "@parcel/hash" "2.9.3"
    "@parcel/logger" "2.9.3"
    "@parcel/package-manager" "2.9.3"
    "@parcel/plugin" "2.9.3"
    "@parcel/profiler" "2.9.3"
    "@parcel/source-map" "^2.1.1"
    "@parcel/types" "2.9.3"
    "@parcel/utils" "2.9.3"
    "@parcel/workers" "2.9.3"
    abortcontroller-polyfill "^1.1.9"
    base-x "^3.0.8"
    browserslist "^4.6.6"
    clone "^2.1.1"
    dotenv "^7.0.0"
    dotenv-expand "^5.1.0"
    json5 "^2.2.0"
    msgpackr "^1.5.4"
    nullthrows "^1.1.1"
    semver "^7.5.2"

"@parcel/diagnostic@2.9.3":
  version "2.9.3"
  dependencies:
    "@mischnic/json-sourcemap" "^0.1.0"
    nullthrows "^1.1.1"

"@parcel/events@2.9.3":
  version "2.9.3"

"@parcel/fs-search@2.9.3":
  version "2.9.3"

"@parcel/fs@2.9.3":
  version "2.9.3"
  dependencies:
    "@parcel/fs-search" "2.9.3"
    "@parcel/types" "2.9.3"
    "@parcel/utils" "2.9.3"
    "@parcel/watcher" "^2.0.7"
    "@parcel/workers" "2.9.3"

"@parcel/graph@2.9.3":
  version "2.9.3"
  dependencies:
    nullthrows "^1.1.1"

"@parcel/hash@2.9.3":
  version "2.9.3"
  dependencies:
    xxhash-wasm "^0.4.2"

"@parcel/logger@2.9.3":
  version "2.9.3"
  dependencies:
    "@parcel/diagnostic" "2.9.3"
    "@parcel/events" "2.9.3"

"@parcel/markdown-ansi@2.9.3":
  version "2.9.3"
  dependencies:
    chalk "^4.1.0"

"@parcel/namer-default@2.9.3":

"@parcel/node-resolver-core@3.0.3":
  version "3.0.3"
  dependencies:
    "@mischnic/json-sourcemap" "^0.1.0"
    "@parcel/diagnostic" "2.9.3"
    "@parcel/fs" "2.9.3"
    "@parcel/utils" "2.9.3"
    nullthrows "^1.1.1"
    semver "^7.5.2"

"@parcel/optimizer-css@2.9.3":

"@parcel/optimizer-htmlnano@2.9.3":

"@parcel/optimizer-image@2.9.3":

"@parcel/optimizer-svgo@2.9.3":

"@parcel/optimizer-swc@2.9.3":

"@parcel/package-manager@2.9.3":
  version "2.9.3"
  dependencies:
    "@parcel/diagnostic" "2.9.3"
    "@parcel/fs" "2.9.3"
    "@parcel/logger" "2.9.3"
    "@parcel/node-resolver-core" "3.0.3"
    "@parcel/types" "2.9.3"
    "@parcel/utils" "2.9.3"
    "@parcel/workers" "2.9.3"
    semver "^7.5.2"

"@parcel/packager-css@2.9.3":

"@parcel/packager-html@2.9.3":

"@parcel/packager-js@2.9.3":

"@parcel/packager-raw@2.9.3":

"@parcel/packager-svg@2.9.3":

"@parcel/plugin@2.9.3":
  version "2.9.3"
  dependencies:
    "@parcel/types" "2.9.3"

"@parcel/profiler@2.9.3":
  version "2.9.3"
  dependencies:
    "@parcel/diagnostic" "2.9.3"
    "@parcel/events" "2.9.3"
    chrome-trace-event "^1.0.2"

"@parcel/reporter-cli@2.9.3":
  version "2.9.3"
  dependencies:
    "@parcel/plugin" "2.9.3"
    "@parcel/types" "2.9.3"
    "@parcel/utils" "2.9.3"
    chalk "^4.1.0"
    term-size "^2.2.1"

"@parcel/reporter-dev-server@2.9.3":
  version "2.9.3"
  dependencies:
    "@parcel/plugin" "2.9.3"
    "@parcel/utils" "2.9.3"

"@parcel/reporter-tracer@2.9.3":
  version "2.9.3"
  dependencies:
    "@parcel/plugin" "2.9.3"
    "@parcel/utils" "2.9.3"
    chrome-trace-event "^1.0.3"
    nullthrows "^1.1.1"

"@parcel/resolver-default@2.9.3":

"@parcel/runtime-browser-hmr@2.9.3":

"@parcel/runtime-js@2.9.3":

"@parcel/runtime-react-refresh@2.9.3":

"@parcel/runtime-service-worker@2.9.3":

"@parcel/source-map@^2.1.1":
  version "2.1.1"
  dependencies:
    detect-libc "^1.0.3"

"@parcel/transformer-babel@2.9.3":

"@parcel/transformer-css@2.9.3":

"@parcel/transformer-html@2.9.3":

"@parcel/transformer-image@2.9.3":
  version "2.9.3"
  dependencies:
    "@parcel/plugin" "2.9.3"
    "@parcel/utils" "2.9.3"
    "@parcel/workers" "2.9.3"
    nullthrows "^1.1.1"

"@parcel/transformer-js@2.9.3":

"@parcel/transformer-json@2.9.3":
  version "2.9.3"
  dependencies:
    "@parcel/plugin" "2.9.3"
    json5 "^2.2.0"

"@parcel/transformer-postcss@2.9.3":
  version "2.9.3"
  dependencies:
    "@parcel/diagnostic" "2.9.3"
    "@parcel/hash" "2.9.3"
    "@parcel/plugin" "2.9.3"
    "@parcel/utils" "2.9.3"
    clone "^2.1.1"
    nullthrows "^1.1.1"
    postcss-value-parser "^4.2.0"
    semver "^7.5.2"

"@parcel/transformer-posthtml@2.9.3":
  version "2.9.3"
  dependencies:
    "@parcel/plugin" "2.9.3"
    "@parcel/utils" "2.9.3"
    nullthrows "^1.1.1"
    posthtml "^0.16.5"
    posthtml-parser "^0.10.1"
    posthtml-render "^3.0.0"
    semver "^7.5.2"

"@parcel/transformer-raw@2.9.3":
  version "2.9.3"
  dependencies:
    "@parcel/plugin" "2.9.3"

"@parcel/transformer-react-refresh-wrap@2.9.3":
  version "2.9.3"
  dependencies:
    "@parcel/plugin" "2.9.3"
    "@parcel/utils" "2.9.3"
    react-refresh "^0.9.0"

"@parcel/transformer-svg@2.9.3":
  version "2.9.3"
  dependencies:
    "@parcel/diagnostic" "2.9.3"
    "@parcel/hash" "2.9.3"
    "@parcel/plugin" "2.9.3"
    nullthrows "^1.1.1"
    posthtml "^0.16.5"
    posthtml-parser "^0.10.1"
    posthtml-render "^3.0.0"
    semver "^7.5.2"

"@parcel/types@2.9.3":
  version "2.9.3"
  dependencies:
    "@parcel/cache" "2.9.3"
    "@parcel/diagnostic" "2.9.3"
    "@parcel/fs" "2.9.3"
    "@parcel/package-manager" "2.9.3"
    "@parcel/source-map" "^2.1.1"
    "@parcel/workers" "2.9.3"
    utility-types "^3.10.0"

"@parcel/utils@2.9.3":
  version "2.9.3"
  resolved "https://registry.npmjs.org/@parcel/utils/-/utils-2.9.3.tgz"
  integrity sha512-cesanjtj/oLehW8Waq9JFPmAImhoiHX03ihc3JTWkrvJYSbD7wYKCDgPAM3JiRAqvh1LZ6P699uITrYWNoRLUg==
  dependencies:
    "@parcel/codeframe" "2.9.3"
    "@parcel/diagnostic" "2.9.3"
    "@parcel/hash" "2.9.3"
    "@parcel/logger" "2.9.3"
    "@parcel/markdown-ansi" "2.9.3"
    "@parcel/source-map" "^2.1.1"
    chalk "^4.1.0"
    nullthrows "^1.1.1"

"@parcel/watcher-android-arm64@2.2.0":

"@parcel/watcher-darwin-arm64@2.2.0":

"@parcel/watcher-darwin-x64@2.2.0":

"@parcel/watcher-linux-arm-glibc@2.2.0":

"@parcel/watcher-linux-arm64-glibc@2.2.0":

"@parcel/watcher-linux-arm64-musl@2.2.0":

"@parcel/watcher-linux-x64-glibc@2.2.0":

"@parcel/watcher-linux-x64-musl@2.2.0":

"@parcel/watcher-win32-arm64@2.2.0":

"@parcel/watcher-win32-x64@2.2.0":
  version "2.2.0"

"@parcel/watcher@^2.0.7":
  version "2.2.0"
  dependencies:
    detect-libc "^1.0.3"
    is-glob "^4.0.3"
    micromatch "^4.0.5"
    node-addon-api "^7.0.0"
  optionalDependencies:
    "@parcel/watcher-android-arm64" "2.2.0"
    "@parcel/watcher-darwin-arm64" "2.2.0"
    "@parcel/watcher-darwin-x64" "2.2.0"
    "@parcel/watcher-linux-arm-glibc" "2.2.0"
    "@parcel/watcher-linux-arm64-glibc" "2.2.0"
    "@parcel/watcher-linux-arm64-musl" "2.2.0"
    "@parcel/watcher-linux-x64-glibc" "2.2.0"
    "@parcel/watcher-linux-x64-musl" "2.2.0"
    "@parcel/watcher-win32-arm64" "2.2.0"
    "@parcel/watcher-win32-x64" "2.2.0"

"@parcel/workers@2.9.3":
  version "2.9.3"
  dependencies:
    "@parcel/diagnostic" "2.9.3"
    "@parcel/logger" "2.9.3"
    "@parcel/profiler" "2.9.3"
    "@parcel/types" "2.9.3"
    "@parcel/utils" "2.9.3"
    nullthrows "^1.1.1"

abortcontroller-polyfill@^1.1.9:
  version "1.7.5"

ansi-styles@^4.1.0:
  version "4.3.0"
  dependencies:
    color-convert "^2.0.1"

base-x@^3.0.8:
  version "3.0.9"
  dependencies:
    safe-buffer "^5.0.1"

braces@^3.0.2:
  version "3.0.2"
  dependencies:
    fill-range "^7.0.1"

browserslist@^4.6.6:
  version "4.21.9"
  resolved "https://registry.npmjs.org/browserslist/-/browserslist-4.21.9.tgz"
  integrity sha512-M0MFoZzbUrRU4KNfCrDLnvyE7gub+peetoTid3TBIqtunaDJyXlwhakT+/VkvSXcfIzFfK/nkCs4nmyTmxdNSg==
  dependencies:
    caniuse-lite "^1.0.30001503"
    electron-to-chromium "^1.4.431"
    node-releases "^2.0.12"
    update-browserslist-db "^1.0.11"

"browserslist@>= 4.21.0":

caniuse-lite@^1.0.30001503:
  version "1.0.30001516"
  resolved "https://registry.npmjs.org/caniuse-lite/-/caniuse-lite-1.0.30001516.tgz"
  integrity sha512-Wmec9pCBY8CWbmI4HsjBeQLqDTqV91nFVR83DnZpYyRnPI1wePDsTg0bGLPC5VU/3OIZV1fmxEea1b+tFKe86g==

chalk@^4.1.0:
  version "4.1.2"
  dependencies:
    ansi-styles "^4.1.0"
    supports-color "^7.1.0"

chrome-trace-event@^1.0.2, chrome-trace-event@^1.0.3:
  version "1.0.3"

clone@^2.1.1:
  version "2.1.2"

color-convert@^2.0.1:
  version "2.0.1"
  dependencies:
    color-name "~1.1.4"

color-name@~1.1.4:
  version "1.1.4"

commander@^7.0.0:
  version "7.2.0"

detect-libc@^1.0.3:
  version "1.0.3"

dom-serializer@^1.0.1:
  version "1.4.1"
  resolved "https://registry.npmjs.org/dom-serializer/-/dom-serializer-1.4.1.tgz"
  integrity sha512-VHwB3KfrcOOkelEG2ZOfxqLZdfkil8PtJi4P8N2MMXucZq2yLp75ClViUlOVwyoHEDjYU433Aq+5zWP61+RGag==
  dependencies:
    domelementtype "^2.0.1"
    domhandler "^4.2.0"
    entities "^2.0.0"

domelementtype@^2.0.1, domelementtype@^2.2.0:
  version "2.3.0"
  resolved "https://registry.npmjs.org/domelementtype/-/domelementtype-2.3.0.tgz"
  integrity sha512-OLETBj6w0OsagBwdXnPdN0cnMfF9opN69co+7ZrbfPGrdpPVNBUj02spi6B1N7wChLQiPn4CSH/zJvXw56gmHw==

domhandler@^4.2.0, domhandler@^4.2.2:
  version "4.3.1"
  resolved "https://registry.npmjs.org/domhandler/-/domhandler-4.3.1.tgz"
  integrity sha512-GrwoxYN+uWlzO8uhUXRl0P+kHE4GtVPfYzVLcUxPL7KNdHKj66vvlhiweIHqYYXWlw+T8iLMp42Lm67ghw4WMQ==
  dependencies:
    domelementtype "^2.2.0"

domutils@^2.8.0:
  version "2.8.0"
  resolved "https://registry.npmjs.org/domutils/-/domutils-2.8.0.tgz"
  integrity sha512-w96Cjofp72M5IIhpjgobBimYEfoPjx1Vx0BSX9P30WBdZW2WIKU0T1Bd0kz2eNZ9ikjKgHbEyKx8BB6H1L3h3A==
  dependencies:
    dom-serializer "^1.0.1"
    domelementtype "^2.2.0"
    domhandler "^4.2.0"

dotenv-expand@^5.1.0:
  version "5.1.0"

dotenv@^7.0.0:
  version "7.0.0"

electron-to-chromium@^1.4.431:
  version "1.4.464"

entities@^2.0.0:

entities@^3.0.1:
  version "3.0.1"

escalade@^3.1.1:
  version "3.1.1"

fill-range@^7.0.1:
  version "7.0.1"
  resolved "https://registry.npmjs.org/fill-range/-/fill-range-7.0.1.tgz"
  integrity sha512-qOo9F+dMUmC2Lcb4BbVvnKJxTPjCm+RRpe4gDuGrzkL7mEVl/djYSu2OdQ2Pa302N4oqkSg9ir6jaLWJ2USVpQ==
  dependencies:
    to-regex-range "^5.0.1"

get-port@^4.2.0:
  version "4.2.0"

has-flag@^4.0.0:
  version "4.0.0"

htmlparser2@^7.1.1:
  version "7.2.0"
  dependencies:
    domelementtype "^2.0.1"
    domhandler "^4.2.2"
    domutils "^2.8.0"
    entities "^3.0.1"

is-extglob@^2.1.1:
  version "2.1.1"
  resolved "https://registry.npmjs.org/is-extglob/-/is-extglob-2.1.1.tgz"
  integrity sha512-SbKbANkN603Vi4jEZv49LeVJMn4yGwsbzZworEoyEiutsN3nJYdbO36zfhGJ6QEDpOZIFkDtnq5JRxmvl3jsoQ==

is-glob@^4.0.3:
  version "4.0.3"
  dependencies:
    is-extglob "^2.1.1"

is-json@^2.0.1:
  version "2.0.1"

is-number@^7.0.0:
  version "7.0.0"
  resolved "https://registry.npmjs.org/is-number/-/is-number-7.0.0.tgz"
  integrity sha512-41Cifkg6e8TylSpdtTpeLVMqvSBEVzTttHvERD741+pnZ8ANv0004MRL43QKPDlK9cGvNp6NZWZUBlbGXYxxng==

json5@^2.2.0:
  version "2.2.3"
  resolved "https://registry.npmjs.org/json5/-/json5-2.2.3.tgz"
  integrity sha512-XmOWe7eyHYH14cLdVPoyg+GOH3rYX++KpzrylJwSW98t3Nk+U8XOl8FWKOgwtzdb8lXGf6zYwDUzeHMWfxasyg==

json5@^2.2.1:

lmdb@2.7.11:

lru-cache@^6.0.0:
  version "6.0.0"
  resolved "https://registry.npmjs.org/lru-cache/-/lru-cache-6.0.0.tgz"
  integrity sha512-Jo6dJ04CmSjuznwJSS3pUeWmd/H0ffTlkXXgwZi+eq1UCmqQwCh+eLsYOYCwY991i2Fah4h1BEMCx4qThGbsiA==
  dependencies:
    yallist "^4.0.0"

micromatch@^4.0.5:
  version "4.0.5"
  dependencies:
    braces "^3.0.2"
    picomatch "^2.3.1"

msgpackr-extract@^3.0.2:
  version "3.0.2"
  dependencies:
    node-gyp-build-optional-packages "5.0.7"
  optionalDependencies:
    "@msgpackr-extract/msgpackr-extract-darwin-arm64" "3.0.2"
    "@msgpackr-extract/msgpackr-extract-darwin-x64" "3.0.2"
    "@msgpackr-extract/msgpackr-extract-linux-arm" "3.0.2"
    "@msgpackr-extract/msgpackr-extract-linux-arm64" "3.0.2"
    "@msgpackr-extract/msgpackr-extract-linux-x64" "3.0.2"
    "@msgpackr-extract/msgpackr-extract-win32-x64" "3.0.2"

msgpackr@^1.5.4:
  version "1.9.5"
  optionalDependencies:
    msgpackr-extract "^3.0.2"

node-addon-api@^7.0.0:

node-gyp-build-optional-packages@5.0.7:
  version "5.0.6"

node-releases@^2.0.12:
  version "2.0.13"

nullthrows@^1.1.1:
  version "1.1.1"

parcel@^2.9.3:
  version "2.9.3"
  resolved "https://registry.npmjs.org/parcel/-/parcel-2.9.3.tgz"
  integrity sha512-2GTVocFkwblV/TIg9AmT7TI2fO4xdWkyN8aFUEVtiVNWt96GTR3FgQyHFValfCbcj1k9Xf962Ws2hYXYUr9k1Q==
  dependencies:
    "@parcel/config-default" "2.9.3"
    "@parcel/core" "2.9.3"
    "@parcel/diagnostic" "2.9.3"
    "@parcel/events" "2.9.3"
    "@parcel/fs" "2.9.3"
    "@parcel/logger" "2.9.3"
    "@parcel/package-manager" "2.9.3"
    "@parcel/reporter-cli" "2.9.3"
    "@parcel/reporter-dev-server" "2.9.3"
    "@parcel/reporter-tracer" "2.9.3"
    "@parcel/utils" "2.9.3"
    chalk "^4.1.0"
    commander "^7.0.0"
    get-port "^4.2.0"

picocolors@^1.0.0:
  version "1.0.0"
  resolved "https://registry.npmjs.org/picocolors/-/picocolors-1.0.0.tgz"
  integrity sha512-1fygroTLlHu66zi26VoTDv8yRgm0Fccecssto+MhsZ0D/DGW2sm8E8AjW7NU5VVTRt5GxbeZ5qBuJr+HyLYkjQ==

picomatch@^2.3.1:
  version "2.3.1"

postcss-value-parser@^4.2.0:
  version "4.2.0"

posthtml-parser@^0.10.1:
  version "0.10.2"
  dependencies:
    htmlparser2 "^7.1.1"

posthtml-parser@^0.11.0:

posthtml-render@^3.0.0:
  version "3.0.0"
  dependencies:
    is-json "^2.0.1"

posthtml@^0.16.5:
  version "0.16.6"
  dependencies:
    posthtml-parser "^0.11.0"
    posthtml-render "^3.0.0"

react-refresh@^0.9.0:
  version "0.9.0"

safe-buffer@^5.0.1:
  version "5.2.1"
  resolved "https://registry.npmjs.org/safe-buffer/-/safe-buffer-5.2.1.tgz"
  integrity sha512-rp3So07KcdmmKbGvgaNxQSJr7bGVSVk5S9Eq1F+ppbRo70+YeaDxkw5Dd8NPN+GD6bjnYm2VuPuCXmpuYvmCXQ==

semver@^7.5.2:
  version "7.5.4"
  dependencies:
    lru-cache "^6.0.0"

supports-color@^7.1.0:
  version "7.2.0"
  dependencies:
    has-flag "^4.0.0"

term-size@^2.2.1:
  version "2.2.1"

to-regex-range@^5.0.1:
  version "5.0.1"
  resolved "https://registry.npmjs.org/to-regex-range/-/to-regex-range-5.0.1.tgz"
  integrity sha512-65P7iz6X5yEr1cwcgvQxbbIw7Uk3gOy5dIdtZ4rDveLqhrdJP+Li/Hx6tyK0NEb+2GCyneCMJiGqrADCSNk8sQ==
  dependencies:
    is-number "^7.0.0"

update-browserslist-db@^1.0.11:
  version "1.0.11"
  dependencies:
    escalade "^3.1.1"
    picocolors "^1.0.0"

utility-types@^3.10.0:
  version "3.10.0"

xxhash-wasm@^0.4.2:
  version "0.4.2"

yallist@^4.0.0:
  version "4.0.0"
  resolved "https://registry.npmjs.org/yallist/-/yallist-4.0.0.tgz"
  integrity sha512-3wdGidZyq5PB084XLES5TpOSRA3wjXAlIWMhum2kRcv/41Sn2emQ0dycQW4uZXLejwKvg6EsvbdlVL+FYEct7A==
